
Microsoft Visual Studio Solution File, Format Version 12.00
# Visual Studio Version 17
VisualStudioVersion = 17.7.34202.233
MinimumVisualStudioVersion = 10.0.40219.1
Project("{FAE04EC0-301F-11D3-BF4B-00C04F79EFBC}") = "NumeroCerto", "NumeroCerto.csproj", "{C63A380E-8823-4EE5-BA04-03CD84B1ED85}"
EndProject
Global
	GlobalSection(SolutionConfigurationPlatforms) = preSolution
		Debug|Any CPU = Debug|Any CPU
		Release|Any CPU = Release|Any CPU
	EndGlobalSection
	GlobalSection(ProjectConfigurationPlatforms) = postSolution
		{C63A380E-8823-4EE5-BA04-03CD84B1ED85}.Debug|Any CPU.ActiveCfg = Debug|Any CPU
		{C63A380E-8823-4EE5-BA04-03CD84B1ED85}.Debug|Any CPU.Build.0 = Debug|Any CPU
		{C63A380E-8823-4EE5-BA04-03CD84B1ED85}.Release|Any CPU.ActiveCfg = Release|Any CPU
		{C63A380E-8823-4EE5-BA04-03CD84B1ED85}.Release|Any CPU.Build.0 = Release|Any CPU
	EndGlobalSection
	GlobalSection(SolutionProperties) = preSolution
		HideSolutionNode = FALSE
	EndGlobalSection
	GlobalSection(ExtensibilityGlobals) = postSolution
		SolutionGuid = {9D314E36-1261-4803-A283-FE1B58C05E00}
	EndGlobalSection
EndGlobal
